<?xml version="1.0" encoding="utf-8"?>
<Project ToolsVersion="4.0" xmlns="http://schemas.microsoft.com/developer/msbuild/2003">
  <ItemGroup>
    <Filter Include="Source Files">
      <UniqueIdentifier>{4FC737F1-C7A5-4376-A066-2A32D752A2FF}</UniqueIdentifier>
      <Extensions>cpp;c;cc;cxx;def;odl;idl;hpj;bat;asm;asmx</Extensions>
    </Filter>
    <Filter Include="Header Files">
      <UniqueIdentifier>{93995380-89BD-4b04-88EB-625FBE52EBFB}</UniqueIdentifier>
      <Extensions>h;hh;hpp;hxx;hm;inl;inc;ipp;xsd</Extensions>
    </Filter>
    <Filter Include="Resource Files">
      <UniqueIdentifier>{67DA6AB6-F800-4c08-8B7A-83BB121AAD01}</UniqueIdentifier>
      <Extensions>rc;ico;cur;bmp;dlg;rc2;rct;bin;rgs;gif;jpg;jpeg;jpe;resx;tiff;tif;png;wav;mfcribbon-ms</Extensions>
    </Filter>
    <Filter Include="Application">
      <UniqueIdentifier>{617d0f9b-37b8-4fab-9448-d626a8f16036}</UniqueIdentifier>
    </Filter>
    <Filter Include="Utlity">
      <UniqueIdentifier>{3575e325-5079-49f6-9789-06df675dd960}</UniqueIdentifier>
    </Filter>
    <Filter Include="Mesh">
      <UniqueIdentifier>{74d4675b-2615-4697-8f24-ef2a909e59db}</UniqueIdentifier>
    </Filter>
    <Filter Include="Physics">
      <UniqueIdentifier>{3cc4098a-b3ed-41c0-954b-34b7cf1a6d78}</UniqueIdentifier>
    </Filter>
    <Filter Include="GameObjects">
      <UniqueIdentifier>{2bc44770-dd21-437f-9bb9-465bb9c9f556}</UniqueIdentifier>
    </Filter>
    <Filter Include="Lighting">
      <UniqueIdentifier>{4637f3ee-ef21-4503-b948-f6d7048eaf80}</UniqueIdentifier>
    </Filter>
    <Filter Include="Camera">
      <UniqueIdentifier>{576789d4-1608-4d58-86b0-8239b59943fd}</UniqueIdentifier>
    </Filter>
    <Filter Include="Controller Manager">
      <UniqueIdentifier>{23a9af86-ebaa-481a-9c33-4bbf8e3fb56d}</UniqueIdentifier>
    </Filter>
    <Filter Include="Multiplayer">
      <UniqueIdentifier>{17af9ba2-0796-4d23-9c24-f38a473bd9a8}</UniqueIdentifier>
    </Filter>
    <Filter Include="Scenes">
      <UniqueIdentifier>{7590157a-b309-4c54-92b6-fab1945e99f1}</UniqueIdentifier>
    </Filter>
    <Filter Include="Constants">
      <UniqueIdentifier>{0d0ae643-02da-4c3b-acc2-087251bcb19b}</UniqueIdentifier>
    </Filter>
  </ItemGroup>
  <ItemGroup>
    <ClCompile Include="Source\Camera.cpp">
      <Filter>Camera</Filter>
    </ClCompile>
    <ClCompile Include="Source\MainScene+Render.cpp">
      <Filter>Scenes</Filter>
    </ClCompile>
    <ClCompile Include="Source\MainScene.cpp">
      <Filter>Scenes</Filter>
    </ClCompile>
    <ClCompile Include="Source\Scene.cpp">
      <Filter>Scenes</Filter>
    </ClCompile>
    <ClCompile Include="Source\main.cpp">
      <Filter>Source Files</Filter>
    </ClCompile>
    <ClCompile Include="Source\Application.cpp">
      <Filter>Application</Filter>
    </ClCompile>
    <ClCompile Include="Source\Utility.cpp">
      <Filter>Utlity</Filter>
    </ClCompile>
    <ClCompile Include="Source\LoadOBJ.cpp">
      <Filter>Utlity</Filter>
    </ClCompile>
    <ClCompile Include="Source\LoadTGA.cpp">
      <Filter>Utlity</Filter>
    </ClCompile>
    <ClCompile Include="Source\MeshBuilder.cpp">
      <Filter>Mesh</Filter>
    </ClCompile>
    <ClCompile Include="Source\Mesh.cpp">
      <Filter>Mesh</Filter>
    </ClCompile>
    <ClCompile Include="Source\shader.cpp">
      <Filter>Utlity</Filter>
    </ClCompile>
    <ClCompile Include="Source\PhysicsManager.cpp">
      <Filter>Physics</Filter>
    </ClCompile>
    <ClCompile Include="Source\Object.cpp">
      <Filter>Physics</Filter>
    </ClCompile>
    <ClCompile Include="Source\Joint.cpp">
      <Filter>Physics</Filter>
    </ClCompile>
    <ClCompile Include="Source\Player.cpp">
      <Filter>GameObjects</Filter>
    </ClCompile>
    <ClCompile Include="Source\MainScene+PartsRender.cpp">
      <Filter>Scenes</Filter>
    </ClCompile>
    <ClCompile Include="Source\Spring.cpp">
      <Filter>Physics</Filter>
    </ClCompile>
    <ClCompile Include="Source\BoundingBox.cpp">
      <Filter>Physics</Filter>
    </ClCompile>
    <ClCompile Include="Source\Light.cpp">
      <Filter>Lighting</Filter>
    </ClCompile>
    <ClCompile Include="Source\FixedCamera.cpp">
      <Filter>Camera</Filter>
    </ClCompile>
    <ClCompile Include="Source\MovableCamera.cpp">
      <Filter>Camera</Filter>
    </ClCompile>
    <ClCompile Include="Source\MainScene+Init.cpp">
      <Filter>Scenes</Filter>
    </ClCompile>
    <ClCompile Include="Source\ControllerManager.cpp">
      <Filter>Controller Manager</Filter>
    </ClCompile>
    <ClCompile Include="Source\MainScene+EventHandler.cpp">
      <Filter>Scenes</Filter>
    </ClCompile>
    <ClCompile Include="Source\DataTransferManager.cpp">
      <Filter>Multiplayer</Filter>
    </ClCompile>
    <ClCompile Include="Source\RemotePlayer.cpp">
      <Filter>Multiplayer</Filter>
    </ClCompile>
    <ClCompile Include="Source\Client.cpp">
      <Filter>Multiplayer</Filter>
    </ClCompile>
    <ClCompile Include="Source\PlayerManger.cpp">
      <Filter>GameObjects</Filter>
    </ClCompile>
    <ClCompile Include="Source\MainScene+PlayerMethods.cpp">
      <Filter>Scenes</Filter>
    </ClCompile>
    <ClCompile Include="Source\MultiplayerManager.cpp">
      <Filter>Multiplayer</Filter>
    </ClCompile>
    <ClCompile Include="Source\Server.cpp">
      <Filter>Multiplayer</Filter>
    </ClCompile>
  </ItemGroup>
  <ItemGroup>
    <ClInclude Include="Source\MainScene.h">
      <Filter>Scenes</Filter>
    </ClInclude>
    <ClInclude Include="Source\Scene.h">
      <Filter>Scenes</Filter>
    </ClInclude>
    <ClInclude Include="Source\Application.h">
      <Filter>Application</Filter>
    </ClInclude>
    <ClInclude Include="Source\Utility.h">
      <Filter>Utlity</Filter>
    </ClInclude>
    <ClInclude Include="Source\LoadOBJ.h">
      <Filter>Utlity</Filter>
    </ClInclude>
    <ClInclude Include="Source\LoadTGA.h">
      <Filter>Utlity</Filter>
    </ClInclude>
    <ClInclude Include="Source\Mesh.h">
      <Filter>Mesh</Filter>
    </ClInclude>
    <ClInclude Include="Source\MeshBuilder.h">
      <Filter>Mesh</Filter>
    </ClInclude>
    <ClInclude Include="Source\Material.h">
      <Filter>Mesh</Filter>
    </ClInclude>
    <ClInclude Include="Source\vertex.h">
      <Filter>Mesh</Filter>
    </ClInclude>
    <ClInclude Include="Source\shader.hpp">
      <Filter>Utlity</Filter>
    </ClInclude>
    <ClInclude Include="Source\PhysicsManager.h">
      <Filter>Physics</Filter>
    </ClInclude>
    <ClInclude Include="Source\Object.h">
      <Filter>Physics</Filter>
    </ClInclude>
    <ClInclude Include="Source\Joint.h">
      <Filter>Physics</Filter>
    </ClInclude>
    <ClInclude Include="Source\Player.h">
      <Filter>GameObjects</Filter>
    </ClInclude>
    <ClInclude Include="Source\Spring.h">
      <Filter>Physics</Filter>
    </ClInclude>
    <ClInclude Include="Source\BoundingBox.h">
      <Filter>Physics</Filter>
    </ClInclude>
    <ClInclude Include="Source\Camera.h">
      <Filter>Camera</Filter>
    </ClInclude>
    <ClInclude Include="Source\Light.h">
      <Filter>Lighting</Filter>
    </ClInclude>
    <ClInclude Include="Source\FixedCamera.h">
      <Filter>Camera</Filter>
    </ClInclude>
    <ClInclude Include="Source\MovableCamera.h">
      <Filter>Camera</Filter>
    </ClInclude>
    <ClInclude Include="Source\CollisionResult.h">
      <Filter>Physics</Filter>
    </ClInclude>
    <ClInclude Include="Source\CollisionDetails.h">
      <Filter>Physics</Filter>
    </ClInclude>
    <ClInclude Include="Source\ControllerManager.h">
      <Filter>Controller Manager</Filter>
    </ClInclude>
    <ClInclude Include="Source\DataTransferManager.h">
      <Filter>Multiplayer</Filter>
    </ClInclude>
    <ClInclude Include="Source\RemotePlayer.h">
      <Filter>Multiplayer</Filter>
    </ClInclude>
    <ClInclude Include="Source\PlayerData.h">
      <Filter>Multiplayer</Filter>
    </ClInclude>
    <ClInclude Include="Source\Client.h">
      <Filter>Multiplayer</Filter>
    </ClInclude>
    <ClInclude Include="Source\PlayerManager.h">
      <Filter>GameObjects</Filter>
    </ClInclude>
    <ClInclude Include="Source\Constants.h">
      <Filter>Constants</Filter>
    </ClInclude>
    <ClInclude Include="Source\MultiplayerManager.h">
      <Filter>Multiplayer</Filter>
    </ClInclude>
    <ClInclude Include="Source\Server.h">
      <Filter>Multiplayer</Filter>
    </ClInclude>
  </ItemGroup>
  <ItemGroup>
    <None Include="Shader\Texture.fragmentshader">
      <Filter>Resource Files</Filter>
    </None>
    <None Include="Shader\Texture.vertexshader">
      <Filter>Resource Files</Filter>
    </None>
  </ItemGroup>
</Project>